
Microsoft Visual Studio Solution File, Format Version 12.00
# Visual Studio 2012
Project("{FAE04EC0-301F-11D3-BF4B-00C04F79EFBC}") = "XamarinForms.Android", "XamarinForms.Android\XamarinForms.Android.csproj", "{DED316EB-CCF1-447F-B256-5DA61FAA3D34}"
EndProject
Project("{FAE04EC0-301F-11D3-BF4B-00C04F79EFBC}") = "XamarinForms.iOS", "XamarinForms.iOS\XamarinForms.iOS.csproj", "{C6C68CA2-764F-4FF0-B043-A29E2A6EC36B}"
EndProject
Project("{FAE04EC0-301F-11D3-BF4B-00C04F79EFBC}") = "XamarinForms", "XamarinForms\XamarinForms.csproj", "{041A175C-1256-4A83-8023-330436B58082}"
EndProject
Global
	GlobalSection(SolutionConfigurationPlatforms) = preSolution
		Debug|Any CPU = Debug|Any CPU
		Release|Any CPU = Release|Any CPU
		Debug|iPhoneSimulator = Debug|iPhoneSimulator
		Release|iPhoneSimulator = Release|iPhoneSimulator
		Debug|iPhone = Debug|iPhone
		Release|iPhone = Release|iPhone
		Ad-Hoc|iPhone = Ad-Hoc|iPhone
		AppStore|iPhone = AppStore|iPhone
	EndGlobalSection
	GlobalSection(ProjectConfigurationPlatforms) = postSolution
		{DED316EB-CCF1-447F-B256-5DA61FAA3D34}.Debug|Any CPU.ActiveCfg = Debug|Any CPU
		{DED316EB-CCF1-447F-B256-5DA61FAA3D34}.Debug|Any CPU.Build.0 = Debug|Any CPU
		{DED316EB-CCF1-447F-B256-5DA61FAA3D34}.Release|Any CPU.ActiveCfg = Release|Any CPU
		{DED316EB-CCF1-447F-B256-5DA61FAA3D34}.Release|Any CPU.Build.0 = Release|Any CPU
		{DED316EB-CCF1-447F-B256-5DA61FAA3D34}.Debug|iPhoneSimulator.ActiveCfg = Debug|Any CPU
		{DED316EB-CCF1-447F-B256-5DA61FAA3D34}.Debug|iPhoneSimulator.Build.0 = Debug|Any CPU
		{DED316EB-CCF1-447F-B256-5DA61FAA3D34}.Release|iPhoneSimulator.ActiveCfg = Release|Any CPU
		{DED316EB-CCF1-447F-B256-5DA61FAA3D34}.Release|iPhoneSimulator.Build.0 = Release|Any CPU
		{DED316EB-CCF1-447F-B256-5DA61FAA3D34}.Debug|iPhone.ActiveCfg = Debug|Any CPU
		{DED316EB-CCF1-447F-B256-5DA61FAA3D34}.Debug|iPhone.Build.0 = Debug|Any CPU
		{DED316EB-CCF1-447F-B256-5DA61FAA3D34}.Release|iPhone.ActiveCfg = Release|Any CPU
		{DED316EB-CCF1-447F-B256-5DA61FAA3D34}.Release|iPhone.Build.0 = Release|Any CPU
		{DED316EB-CCF1-447F-B256-5DA61FAA3D34}.Ad-Hoc|iPhone.ActiveCfg = Debug|Any CPU
		{DED316EB-CCF1-447F-B256-5DA61FAA3D34}.Ad-Hoc|iPhone.Build.0 = Debug|Any CPU
		{DED316EB-CCF1-447F-B256-5DA61FAA3D34}.AppStore|iPhone.ActiveCfg = Debug|Any CPU
		{DED316EB-CCF1-447F-B256-5DA61FAA3D34}.AppStore|iPhone.Build.0 = Debug|Any CPU
		{C6C68CA2-764F-4FF0-B043-A29E2A6EC36B}.Debug|Any CPU.ActiveCfg = Debug|iPhoneSimulator
		{C6C68CA2-764F-4FF0-B043-A29E2A6EC36B}.Debug|Any CPU.Build.0 = Debug|iPhoneSimulator
		{C6C68CA2-764F-4FF0-B043-A29E2A6EC36B}.Release|Any CPU.ActiveCfg = Release|iPhoneSimulator
		{C6C68CA2-764F-4FF0-B043-A29E2A6EC36B}.Release|Any CPU.Build.0 = Release|iPhoneSimulator
		{C6C68CA2-764F-4FF0-B043-A29E2A6EC36B}.Debug|iPhoneSimulator.ActiveCfg = Debug|iPhoneSimulator
		{C6C68CA2-764F-4FF0-B043-A29E2A6EC36B}.Debug|iPhoneSimulator.Build.0 = Debug|iPhoneSimulator
		{C6C68CA2-764F-4FF0-B043-A29E2A6EC36B}.Release|iPhoneSimulator.ActiveCfg = Release|iPhoneSimulator
		{C6C68CA2-764F-4FF0-B043-A29E2A6EC36B}.Release|iPhoneSimulator.Build.0 = Release|iPhoneSimulator
		{C6C68CA2-764F-4FF0-B043-A29E2A6EC36B}.Debug|iPhone.ActiveCfg = Debug|iPhone
		{C6C68CA2-764F-4FF0-B043-A29E2A6EC36B}.Debug|iPhone.Build.0 = Debug|iPhone
		{C6C68CA2-764F-4FF0-B043-A29E2A6EC36B}.Release|iPhone.ActiveCfg = Release|iPhone
		{C6C68CA2-764F-4FF0-B043-A29E2A6EC36B}.Release|iPhone.Build.0 = Release|iPhone
		{C6C68CA2-764F-4FF0-B043-A29E2A6EC36B}.Ad-Hoc|iPhone.ActiveCfg = Ad-Hoc|iPhone
		{C6C68CA2-764F-4FF0-B043-A29E2A6EC36B}.Ad-Hoc|iPhone.Build.0 = Ad-Hoc|iPhone
		{C6C68CA2-764F-4FF0-B043-A29E2A6EC36B}.AppStore|iPhone.ActiveCfg = AppStore|iPhone
		{C6C68CA2-764F-4FF0-B043-A29E2A6EC36B}.AppStore|iPhone.Build.0 = AppStore|iPhone
		{041A175C-1256-4A83-8023-330436B58082}.Debug|Any CPU.ActiveCfg = Debug|Any CPU
		{041A175C-1256-4A83-8023-330436B58082}.Debug|Any CPU.Build.0 = Debug|Any CPU
		{041A175C-1256-4A83-8023-330436B58082}.Release|Any CPU.ActiveCfg = Release|Any CPU
		{041A175C-1256-4A83-8023-330436B58082}.Release|Any CPU.Build.0 = Release|Any CPU
		{041A175C-1256-4A83-8023-330436B58082}.Debug|iPhoneSimulator.ActiveCfg = Debug|Any CPU
		{041A175C-1256-4A83-8023-330436B58082}.Debug|iPhoneSimulator.Build.0 = Debug|Any CPU
		{041A175C-1256-4A83-8023-330436B58082}.Release|iPhoneSimulator.ActiveCfg = Release|Any CPU
		{041A175C-1256-4A83-8023-330436B58082}.Release|iPhoneSimulator.Build.0 = Release|Any CPU
		{041A175C-1256-4A83-8023-330436B58082}.Debug|iPhone.ActiveCfg = Debug|Any CPU
		{041A175C-1256-4A83-8023-330436B58082}.Debug|iPhone.Build.0 = Debug|Any CPU
		{041A175C-1256-4A83-8023-330436B58082}.Release|iPhone.ActiveCfg = Release|Any CPU
		{041A175C-1256-4A83-8023-330436B58082}.Release|iPhone.Build.0 = Release|Any CPU
		{041A175C-1256-4A83-8023-330436B58082}.Ad-Hoc|iPhone.ActiveCfg = Debug|Any CPU
		{041A175C-1256-4A83-8023-330436B58082}.Ad-Hoc|iPhone.Build.0 = Debug|Any CPU
		{041A175C-1256-4A83-8023-330436B58082}.AppStore|iPhone.ActiveCfg = Debug|Any CPU
		{041A175C-1256-4A83-8023-330436B58082}.AppStore|iPhone.Build.0 = Debug|Any CPU
	EndGlobalSection
EndGlobal
